
Microsoft Visual Studio Solution File, Format Version 12.00
# Visual Studio 2012
Project("{E24C65DC-7377-472B-9ABA-BC803B73C61A}") = "Skoolniach", ".", "{5936FBA0-E7BC-48D5-8545-B179F91D0B57}"
	ProjectSection(WebsiteProperties) = preProject
		TargetFrameworkMoniker = ".NETFramework,Version%3Dv4.0"
		Debug.AspNetCompiler.VirtualPath = "/Skoolniach"
		Debug.AspNetCompiler.PhysicalPath = "E:\Skoolniach\"
		Debug.AspNetCompiler.TargetPath = "PrecompiledWeb\Skoolniach\"
		Debug.AspNetCompiler.Updateable = "true"
		Debug.AspNetCompiler.ForceOverwrite = "true"
		Debug.AspNetCompiler.FixedNames = "false"
		Debug.AspNetCompiler.Debug = "True"
		Release.AspNetCompiler.VirtualPath = "/Skoolniach"
		Release.AspNetCompiler.PhysicalPath = "E:\Skoolniach\"
		Release.AspNetCompiler.TargetPath = "PrecompiledWeb\Skoolniach\"
		Release.AspNetCompiler.Updateable = "true"
		Release.AspNetCompiler.ForceOverwrite = "true"
		Release.AspNetCompiler.FixedNames = "false"
		Release.AspNetCompiler.Debug = "False"
		VWDPort = "16601"
	EndProjectSection
EndProject
Global
	GlobalSection(SolutionConfigurationPlatforms) = preSolution
		Debug|Any CPU = Debug|Any CPU
	EndGlobalSection
	GlobalSection(ProjectConfigurationPlatforms) = postSolution
		{5936FBA0-E7BC-48D5-8545-B179F91D0B57}.Debug|Any CPU.ActiveCfg = Debug|Any CPU
		{5936FBA0-E7BC-48D5-8545-B179F91D0B57}.Debug|Any CPU.Build.0 = Debug|Any CPU
	EndGlobalSection
	GlobalSection(SolutionProperties) = preSolution
		HideSolutionNode = FALSE
	EndGlobalSection
EndGlobal
